
Microsoft Visual Studio Solution File, Format Version 12.00
# Visual Studio 15
Project("{FAE04EC0-301F-11D3-BF4B-00C04F79EFBC}") = "Assembly-CSharp", "Assembly-CSharp.csproj", "{AD029ADD-4E16-D53E-CA7A-56E6DEDC7265}"
EndProject
Project("{FAE04EC0-301F-11D3-BF4B-00C04F79EFBC}") = "Assembly-CSharp-Editor", "Assembly-CSharp-Editor.csproj", "{1CB87FEF-B111-6E01-6AF6-D013E7095B9E}"
EndProject
Global
	GlobalSection(SolutionConfigurationPlatforms) = preSolution
		Debug|Any CPU = Debug|Any CPU
		Release|Any CPU = Release|Any CPU
	EndGlobalSection
	GlobalSection(ProjectConfigurationPlatforms) = postSolution
		{AD029ADD-4E16-D53E-CA7A-56E6DEDC7265}.Debug|Any CPU.ActiveCfg = Debug|Any CPU
		{AD029ADD-4E16-D53E-CA7A-56E6DEDC7265}.Debug|Any CPU.Build.0 = Debug|Any CPU
		{AD029ADD-4E16-D53E-CA7A-56E6DEDC7265}.Release|Any CPU.ActiveCfg = Release|Any CPU
		{AD029ADD-4E16-D53E-CA7A-56E6DEDC7265}.Release|Any CPU.Build.0 = Release|Any CPU
		{1CB87FEF-B111-6E01-6AF6-D013E7095B9E}.Debug|Any CPU.ActiveCfg = Debug|Any CPU
		{1CB87FEF-B111-6E01-6AF6-D013E7095B9E}.Debug|Any CPU.Build.0 = Debug|Any CPU
		{1CB87FEF-B111-6E01-6AF6-D013E7095B9E}.Release|Any CPU.ActiveCfg = Release|Any CPU
		{1CB87FEF-B111-6E01-6AF6-D013E7095B9E}.Release|Any CPU.Build.0 = Release|Any CPU
	EndGlobalSection
	GlobalSection(SolutionProperties) = preSolution
		HideSolutionNode = FALSE
	EndGlobalSection
EndGlobal
